
Microsoft Visual Studio Solution File, Format Version 12.00
# Visual Studio Version 17
VisualStudioVersion = 17.5.33627.172
MinimumVisualStudioVersion = 10.0.40219.1
Project("{FAE04EC0-301F-11D3-BF4B-00C04F79EFBC}") = "informacjeoPrzedmiocie", "informacjeoPrzedmiocie.csproj", "{CAC2230D-9F52-4902-90EA-35A839503992}"
EndProject
Global
	GlobalSection(SolutionConfigurationPlatforms) = preSolution
		Debug|Any CPU = Debug|Any CPU
		Release|Any CPU = Release|Any CPU
	EndGlobalSection
	GlobalSection(ProjectConfigurationPlatforms) = postSolution
		{CAC2230D-9F52-4902-90EA-35A839503992}.Debug|Any CPU.ActiveCfg = Debug|Any CPU
		{CAC2230D-9F52-4902-90EA-35A839503992}.Debug|Any CPU.Build.0 = Debug|Any CPU
		{CAC2230D-9F52-4902-90EA-35A839503992}.Release|Any CPU.ActiveCfg = Release|Any CPU
		{CAC2230D-9F52-4902-90EA-35A839503992}.Release|Any CPU.Build.0 = Release|Any CPU
	EndGlobalSection
	GlobalSection(SolutionProperties) = preSolution
		HideSolutionNode = FALSE
	EndGlobalSection
	GlobalSection(ExtensibilityGlobals) = postSolution
		SolutionGuid = {DA55A3A4-09E3-466F-8F61-886E6D8F5ECC}
	EndGlobalSection
EndGlobal
