
Microsoft Visual Studio Solution File, Format Version 12.00
# Visual Studio Version 17
VisualStudioVersion = 17.5.33627.172
MinimumVisualStudioVersion = 10.0.40219.1
Project("{FAE04EC0-301F-11D3-BF4B-00C04F79EFBC}") = "01_wypelnianieRosnaco", "01_wypelnianieRosnaco.csproj", "{381DF2ED-5E5E-4E09-B687-B85A69FBA64D}"
EndProject
Global
	GlobalSection(SolutionConfigurationPlatforms) = preSolution
		Debug|Any CPU = Debug|Any CPU
		Release|Any CPU = Release|Any CPU
	EndGlobalSection
	GlobalSection(ProjectConfigurationPlatforms) = postSolution
		{381DF2ED-5E5E-4E09-B687-B85A69FBA64D}.Debug|Any CPU.ActiveCfg = Debug|Any CPU
		{381DF2ED-5E5E-4E09-B687-B85A69FBA64D}.Debug|Any CPU.Build.0 = Debug|Any CPU
		{381DF2ED-5E5E-4E09-B687-B85A69FBA64D}.Release|Any CPU.ActiveCfg = Release|Any CPU
		{381DF2ED-5E5E-4E09-B687-B85A69FBA64D}.Release|Any CPU.Build.0 = Release|Any CPU
	EndGlobalSection
	GlobalSection(SolutionProperties) = preSolution
		HideSolutionNode = FALSE
	EndGlobalSection
	GlobalSection(ExtensibilityGlobals) = postSolution
		SolutionGuid = {FE74827C-0115-479D-8ACA-A1E8A82C10FF}
	EndGlobalSection
EndGlobal
