
Microsoft Visual Studio Solution File, Format Version 12.00
# Visual Studio Version 17
VisualStudioVersion = 17.5.33627.172
MinimumVisualStudioVersion = 10.0.40219.1
Project("{FAE04EC0-301F-11D3-BF4B-00C04F79EFBC}") = "02_wypelnianieSpiralne", "02_wypelnianieSpiralne.csproj", "{C33F2187-FC10-4660-9433-1BAD551AF389}"
EndProject
Global
	GlobalSection(SolutionConfigurationPlatforms) = preSolution
		Debug|Any CPU = Debug|Any CPU
		Release|Any CPU = Release|Any CPU
	EndGlobalSection
	GlobalSection(ProjectConfigurationPlatforms) = postSolution
		{C33F2187-FC10-4660-9433-1BAD551AF389}.Debug|Any CPU.ActiveCfg = Debug|Any CPU
		{C33F2187-FC10-4660-9433-1BAD551AF389}.Debug|Any CPU.Build.0 = Debug|Any CPU
		{C33F2187-FC10-4660-9433-1BAD551AF389}.Release|Any CPU.ActiveCfg = Release|Any CPU
		{C33F2187-FC10-4660-9433-1BAD551AF389}.Release|Any CPU.Build.0 = Release|Any CPU
	EndGlobalSection
	GlobalSection(SolutionProperties) = preSolution
		HideSolutionNode = FALSE
	EndGlobalSection
	GlobalSection(ExtensibilityGlobals) = postSolution
		SolutionGuid = {775011C5-CE7A-426C-AE27-82979C7A3EBC}
	EndGlobalSection
EndGlobal
