
Microsoft Visual Studio Solution File, Format Version 12.00
# Visual Studio Version 17
VisualStudioVersion = 17.5.33627.172
MinimumVisualStudioVersion = 10.0.40219.1
Project("{FAE04EC0-301F-11D3-BF4B-00C04F79EFBC}") = "04_wstawianie", "04_wstawianie.csproj", "{35771267-E390-4B07-A4C8-64D9D51D633F}"
EndProject
Global
	GlobalSection(SolutionConfigurationPlatforms) = preSolution
		Debug|Any CPU = Debug|Any CPU
		Release|Any CPU = Release|Any CPU
	EndGlobalSection
	GlobalSection(ProjectConfigurationPlatforms) = postSolution
		{35771267-E390-4B07-A4C8-64D9D51D633F}.Debug|Any CPU.ActiveCfg = Debug|Any CPU
		{35771267-E390-4B07-A4C8-64D9D51D633F}.Debug|Any CPU.Build.0 = Debug|Any CPU
		{35771267-E390-4B07-A4C8-64D9D51D633F}.Release|Any CPU.ActiveCfg = Release|Any CPU
		{35771267-E390-4B07-A4C8-64D9D51D633F}.Release|Any CPU.Build.0 = Release|Any CPU
	EndGlobalSection
	GlobalSection(SolutionProperties) = preSolution
		HideSolutionNode = FALSE
	EndGlobalSection
	GlobalSection(ExtensibilityGlobals) = postSolution
		SolutionGuid = {E0B0EA80-C5C3-4DB1-BC6D-855E94F2BB27}
	EndGlobalSection
EndGlobal
