
Microsoft Visual Studio Solution File, Format Version 12.00
# Visual Studio Version 17
VisualStudioVersion = 17.5.33627.172
MinimumVisualStudioVersion = 10.0.40219.1
Project("{FAE04EC0-301F-11D3-BF4B-00C04F79EFBC}") = "03_mediana", "03_mediana.csproj", "{D7BC955C-24E6-438C-91A4-C9CD4A0C14C6}"
EndProject
Global
	GlobalSection(SolutionConfigurationPlatforms) = preSolution
		Debug|Any CPU = Debug|Any CPU
		Release|Any CPU = Release|Any CPU
	EndGlobalSection
	GlobalSection(ProjectConfigurationPlatforms) = postSolution
		{D7BC955C-24E6-438C-91A4-C9CD4A0C14C6}.Debug|Any CPU.ActiveCfg = Debug|Any CPU
		{D7BC955C-24E6-438C-91A4-C9CD4A0C14C6}.Debug|Any CPU.Build.0 = Debug|Any CPU
		{D7BC955C-24E6-438C-91A4-C9CD4A0C14C6}.Release|Any CPU.ActiveCfg = Release|Any CPU
		{D7BC955C-24E6-438C-91A4-C9CD4A0C14C6}.Release|Any CPU.Build.0 = Release|Any CPU
	EndGlobalSection
	GlobalSection(SolutionProperties) = preSolution
		HideSolutionNode = FALSE
	EndGlobalSection
	GlobalSection(ExtensibilityGlobals) = postSolution
		SolutionGuid = {89EBE933-E27E-451B-81A1-128376B18DE5}
	EndGlobalSection
EndGlobal
