
Microsoft Visual Studio Solution File, Format Version 12.00
# Visual Studio Version 17
VisualStudioVersion = 17.5.33627.172
MinimumVisualStudioVersion = 10.0.40219.1
Project("{FAE04EC0-301F-11D3-BF4B-00C04F79EFBC}") = "04_dwaZblizoneWiersze", "04_dwaZblizoneWiersze.csproj", "{596A8664-0C55-43AE-840E-44815BCFF45E}"
EndProject
Global
	GlobalSection(SolutionConfigurationPlatforms) = preSolution
		Debug|Any CPU = Debug|Any CPU
		Release|Any CPU = Release|Any CPU
	EndGlobalSection
	GlobalSection(ProjectConfigurationPlatforms) = postSolution
		{596A8664-0C55-43AE-840E-44815BCFF45E}.Debug|Any CPU.ActiveCfg = Debug|Any CPU
		{596A8664-0C55-43AE-840E-44815BCFF45E}.Debug|Any CPU.Build.0 = Debug|Any CPU
		{596A8664-0C55-43AE-840E-44815BCFF45E}.Release|Any CPU.ActiveCfg = Release|Any CPU
		{596A8664-0C55-43AE-840E-44815BCFF45E}.Release|Any CPU.Build.0 = Release|Any CPU
	EndGlobalSection
	GlobalSection(SolutionProperties) = preSolution
		HideSolutionNode = FALSE
	EndGlobalSection
	GlobalSection(ExtensibilityGlobals) = postSolution
		SolutionGuid = {396B4DF5-4745-4450-AD7D-132878F444FA}
	EndGlobalSection
EndGlobal
